
Microsoft Visual Studio Solution File, Format Version 12.00
# Visual Studio 2012
Project("{FAE04EC0-301F-11D3-BF4B-00C04F79EFBC}") = "systemIO", "systemIO\systemIO.csproj", "{BAD381A6-9724-434B-A7C4-37B9EEF39712}"
EndProject
Global
	GlobalSection(SolutionConfigurationPlatforms) = preSolution
		Debug|Any CPU = Debug|Any CPU
		Release|Any CPU = Release|Any CPU
	EndGlobalSection
	GlobalSection(ProjectConfigurationPlatforms) = postSolution
		{BAD381A6-9724-434B-A7C4-37B9EEF39712}.Debug|Any CPU.ActiveCfg = Debug|Any CPU
		{BAD381A6-9724-434B-A7C4-37B9EEF39712}.Debug|Any CPU.Build.0 = Debug|Any CPU
		{BAD381A6-9724-434B-A7C4-37B9EEF39712}.Release|Any CPU.ActiveCfg = Release|Any CPU
		{BAD381A6-9724-434B-A7C4-37B9EEF39712}.Release|Any CPU.Build.0 = Release|Any CPU
	EndGlobalSection
	GlobalSection(SolutionProperties) = preSolution
		HideSolutionNode = FALSE
	EndGlobalSection
EndGlobal
