
Microsoft Visual Studio Solution File, Format Version 12.00
# Visual Studio 2012
Project("{FAE04EC0-301F-11D3-BF4B-00C04F79EFBC}") = "JHZ", "JHZ\JHZ.csproj", "{050A0F79-73CB-4732-92EB-7A549B05311C}"
EndProject
Global
	GlobalSection(SolutionConfigurationPlatforms) = preSolution
		Debug|Any CPU = Debug|Any CPU
		Release|Any CPU = Release|Any CPU
	EndGlobalSection
	GlobalSection(ProjectConfigurationPlatforms) = postSolution
		{050A0F79-73CB-4732-92EB-7A549B05311C}.Debug|Any CPU.ActiveCfg = Debug|Any CPU
		{050A0F79-73CB-4732-92EB-7A549B05311C}.Debug|Any CPU.Build.0 = Debug|Any CPU
		{050A0F79-73CB-4732-92EB-7A549B05311C}.Release|Any CPU.ActiveCfg = Release|Any CPU
		{050A0F79-73CB-4732-92EB-7A549B05311C}.Release|Any CPU.Build.0 = Release|Any CPU
	EndGlobalSection
	GlobalSection(SolutionProperties) = preSolution
		HideSolutionNode = FALSE
	EndGlobalSection
EndGlobal
